
Microsoft Visual Studio Solution File, Format Version 12.00
# Visual Studio Version 17
VisualStudioVersion = 17.7.34031.279
MinimumVisualStudioVersion = 10.0.40219.1
Project("{FAE04EC0-301F-11D3-BF4B-00C04F79EFBC}") = "Laboratorio09.Android", "Laboratorio09\Laboratorio09.Android\Laboratorio09.Android.csproj", "{D9C24758-88C4-4CAD-922B-FA2FA4F50739}"
EndProject
Project("{FAE04EC0-301F-11D3-BF4B-00C04F79EFBC}") = "Laboratorio09.iOS", "Laboratorio09\Laboratorio09.iOS\Laboratorio09.iOS.csproj", "{24C797B1-9FFF-4C22-868C-7DF446018511}"
EndProject
Project("{FAE04EC0-301F-11D3-BF4B-00C04F79EFBC}") = "Laboratorio09", "Laboratorio09\Laboratorio09\Laboratorio09.csproj", "{F2388A75-5ACE-4169-922F-49FAABBA022C}"
EndProject
Global
	GlobalSection(SolutionConfigurationPlatforms) = preSolution
		Debug|Any CPU = Debug|Any CPU
		Debug|iPhone = Debug|iPhone
		Debug|iPhoneSimulator = Debug|iPhoneSimulator
		Release|Any CPU = Release|Any CPU
		Release|iPhone = Release|iPhone
		Release|iPhoneSimulator = Release|iPhoneSimulator
	EndGlobalSection
	GlobalSection(ProjectConfigurationPlatforms) = postSolution
		{D9C24758-88C4-4CAD-922B-FA2FA4F50739}.Debug|Any CPU.ActiveCfg = Debug|Any CPU
		{D9C24758-88C4-4CAD-922B-FA2FA4F50739}.Debug|Any CPU.Build.0 = Debug|Any CPU
		{D9C24758-88C4-4CAD-922B-FA2FA4F50739}.Debug|Any CPU.Deploy.0 = Debug|Any CPU
		{D9C24758-88C4-4CAD-922B-FA2FA4F50739}.Debug|iPhone.ActiveCfg = Debug|Any CPU
		{D9C24758-88C4-4CAD-922B-FA2FA4F50739}.Debug|iPhone.Build.0 = Debug|Any CPU
		{D9C24758-88C4-4CAD-922B-FA2FA4F50739}.Debug|iPhone.Deploy.0 = Debug|Any CPU
		{D9C24758-88C4-4CAD-922B-FA2FA4F50739}.Debug|iPhoneSimulator.ActiveCfg = Debug|Any CPU
		{D9C24758-88C4-4CAD-922B-FA2FA4F50739}.Debug|iPhoneSimulator.Build.0 = Debug|Any CPU
		{D9C24758-88C4-4CAD-922B-FA2FA4F50739}.Debug|iPhoneSimulator.Deploy.0 = Debug|Any CPU
		{D9C24758-88C4-4CAD-922B-FA2FA4F50739}.Release|Any CPU.ActiveCfg = Release|Any CPU
		{D9C24758-88C4-4CAD-922B-FA2FA4F50739}.Release|Any CPU.Build.0 = Release|Any CPU
		{D9C24758-88C4-4CAD-922B-FA2FA4F50739}.Release|Any CPU.Deploy.0 = Release|Any CPU
		{D9C24758-88C4-4CAD-922B-FA2FA4F50739}.Release|iPhone.ActiveCfg = Release|Any CPU
		{D9C24758-88C4-4CAD-922B-FA2FA4F50739}.Release|iPhone.Build.0 = Release|Any CPU
		{D9C24758-88C4-4CAD-922B-FA2FA4F50739}.Release|iPhone.Deploy.0 = Release|Any CPU
		{D9C24758-88C4-4CAD-922B-FA2FA4F50739}.Release|iPhoneSimulator.ActiveCfg = Release|Any CPU
		{D9C24758-88C4-4CAD-922B-FA2FA4F50739}.Release|iPhoneSimulator.Build.0 = Release|Any CPU
		{D9C24758-88C4-4CAD-922B-FA2FA4F50739}.Release|iPhoneSimulator.Deploy.0 = Release|Any CPU
		{24C797B1-9FFF-4C22-868C-7DF446018511}.Debug|Any CPU.ActiveCfg = Debug|iPhone
		{24C797B1-9FFF-4C22-868C-7DF446018511}.Debug|Any CPU.Build.0 = Debug|iPhone
		{24C797B1-9FFF-4C22-868C-7DF446018511}.Debug|Any CPU.Deploy.0 = Debug|iPhone
		{24C797B1-9FFF-4C22-868C-7DF446018511}.Debug|iPhone.ActiveCfg = Debug|iPhone
		{24C797B1-9FFF-4C22-868C-7DF446018511}.Debug|iPhone.Build.0 = Debug|iPhone
		{24C797B1-9FFF-4C22-868C-7DF446018511}.Debug|iPhone.Deploy.0 = Debug|iPhone
		{24C797B1-9FFF-4C22-868C-7DF446018511}.Debug|iPhoneSimulator.ActiveCfg = Debug|iPhoneSimulator
		{24C797B1-9FFF-4C22-868C-7DF446018511}.Debug|iPhoneSimulator.Build.0 = Debug|iPhoneSimulator
		{24C797B1-9FFF-4C22-868C-7DF446018511}.Debug|iPhoneSimulator.Deploy.0 = Debug|iPhoneSimulator
		{24C797B1-9FFF-4C22-868C-7DF446018511}.Release|Any CPU.ActiveCfg = Release|iPhoneSimulator
		{24C797B1-9FFF-4C22-868C-7DF446018511}.Release|Any CPU.Build.0 = Release|iPhoneSimulator
		{24C797B1-9FFF-4C22-868C-7DF446018511}.Release|Any CPU.Deploy.0 = Release|iPhoneSimulator
		{24C797B1-9FFF-4C22-868C-7DF446018511}.Release|iPhone.ActiveCfg = Release|iPhone
		{24C797B1-9FFF-4C22-868C-7DF446018511}.Release|iPhone.Build.0 = Release|iPhone
		{24C797B1-9FFF-4C22-868C-7DF446018511}.Release|iPhone.Deploy.0 = Release|iPhone
		{24C797B1-9FFF-4C22-868C-7DF446018511}.Release|iPhoneSimulator.ActiveCfg = Release|iPhoneSimulator
		{24C797B1-9FFF-4C22-868C-7DF446018511}.Release|iPhoneSimulator.Build.0 = Release|iPhoneSimulator
		{24C797B1-9FFF-4C22-868C-7DF446018511}.Release|iPhoneSimulator.Deploy.0 = Release|iPhoneSimulator
		{F2388A75-5ACE-4169-922F-49FAABBA022C}.Debug|Any CPU.ActiveCfg = Debug|Any CPU
		{F2388A75-5ACE-4169-922F-49FAABBA022C}.Debug|Any CPU.Build.0 = Debug|Any CPU
		{F2388A75-5ACE-4169-922F-49FAABBA022C}.Debug|Any CPU.Deploy.0 = Debug|Any CPU
		{F2388A75-5ACE-4169-922F-49FAABBA022C}.Debug|iPhone.ActiveCfg = Debug|Any CPU
		{F2388A75-5ACE-4169-922F-49FAABBA022C}.Debug|iPhone.Build.0 = Debug|Any CPU
		{F2388A75-5ACE-4169-922F-49FAABBA022C}.Debug|iPhone.Deploy.0 = Debug|Any CPU
		{F2388A75-5ACE-4169-922F-49FAABBA022C}.Debug|iPhoneSimulator.ActiveCfg = Debug|Any CPU
		{F2388A75-5ACE-4169-922F-49FAABBA022C}.Debug|iPhoneSimulator.Build.0 = Debug|Any CPU
		{F2388A75-5ACE-4169-922F-49FAABBA022C}.Debug|iPhoneSimulator.Deploy.0 = Debug|Any CPU
		{F2388A75-5ACE-4169-922F-49FAABBA022C}.Release|Any CPU.ActiveCfg = Release|Any CPU
		{F2388A75-5ACE-4169-922F-49FAABBA022C}.Release|Any CPU.Build.0 = Release|Any CPU
		{F2388A75-5ACE-4169-922F-49FAABBA022C}.Release|Any CPU.Deploy.0 = Release|Any CPU
		{F2388A75-5ACE-4169-922F-49FAABBA022C}.Release|iPhone.ActiveCfg = Release|Any CPU
		{F2388A75-5ACE-4169-922F-49FAABBA022C}.Release|iPhone.Build.0 = Release|Any CPU
		{F2388A75-5ACE-4169-922F-49FAABBA022C}.Release|iPhone.Deploy.0 = Release|Any CPU
		{F2388A75-5ACE-4169-922F-49FAABBA022C}.Release|iPhoneSimulator.ActiveCfg = Release|Any CPU
		{F2388A75-5ACE-4169-922F-49FAABBA022C}.Release|iPhoneSimulator.Build.0 = Release|Any CPU
		{F2388A75-5ACE-4169-922F-49FAABBA022C}.Release|iPhoneSimulator.Deploy.0 = Release|Any CPU
	EndGlobalSection
	GlobalSection(SolutionProperties) = preSolution
		HideSolutionNode = FALSE
	EndGlobalSection
	GlobalSection(ExtensibilityGlobals) = postSolution
		SolutionGuid = {B07324A3-F121-4008-A3B2-714A41EFD33A}
	EndGlobalSection
EndGlobal
